
Microsoft Visual Studio Solution File, Format Version 12.00
# Visual Studio Version 17
VisualStudioVersion = 17.2.32630.192
MinimumVisualStudioVersion = 10.0.40219.1
Project("{FAE04EC0-301F-11D3-BF4B-00C04F79EFBC}") = "BubbleTrouble", "BubbleTrouble\BubbleTrouble.csproj", "{D429FDE0-0745-476B-8BA2-4E413F565DF3}"
EndProject
Global
	GlobalSection(SolutionConfigurationPlatforms) = preSolution
		Debug|Any CPU = Debug|Any CPU
		Release|Any CPU = Release|Any CPU
	EndGlobalSection
	GlobalSection(ProjectConfigurationPlatforms) = postSolution
		{D429FDE0-0745-476B-8BA2-4E413F565DF3}.Debug|Any CPU.ActiveCfg = Debug|Any CPU
		{D429FDE0-0745-476B-8BA2-4E413F565DF3}.Debug|Any CPU.Build.0 = Debug|Any CPU
		{D429FDE0-0745-476B-8BA2-4E413F565DF3}.Release|Any CPU.ActiveCfg = Release|Any CPU
		{D429FDE0-0745-476B-8BA2-4E413F565DF3}.Release|Any CPU.Build.0 = Release|Any CPU
	EndGlobalSection
	GlobalSection(SolutionProperties) = preSolution
		HideSolutionNode = FALSE
	EndGlobalSection
	GlobalSection(ExtensibilityGlobals) = postSolution
		SolutionGuid = {3BA8A576-F16C-49FC-B097-F11031DDF81A}
	EndGlobalSection
EndGlobal
